
Microsoft Visual Studio Solution File, Format Version 12.00
# Visual Studio 15
Project("{FAE04EC0-301F-11D3-BF4B-00C04F79EFBC}") = "SugarJourney", "SugarJourney.csproj", "{9BDF8A4C-2B40-6F64-7E8A-6E920D044586}"
EndProject
Global
	GlobalSection(SolutionConfigurationPlatforms) = preSolution
		Debug|Any CPU = Debug|Any CPU
		Release|Any CPU = Release|Any CPU
	EndGlobalSection
	GlobalSection(ProjectConfigurationPlatforms) = postSolution
		{9BDF8A4C-2B40-6F64-7E8A-6E920D044586}.Debug|Any CPU.ActiveCfg = Debug|Any CPU
		{9BDF8A4C-2B40-6F64-7E8A-6E920D044586}.Debug|Any CPU.Build.0 = Debug|Any CPU
		{9BDF8A4C-2B40-6F64-7E8A-6E920D044586}.Release|Any CPU.ActiveCfg = Release|Any CPU
		{9BDF8A4C-2B40-6F64-7E8A-6E920D044586}.Release|Any CPU.Build.0 = Release|Any CPU
	EndGlobalSection
	GlobalSection(SolutionProperties) = preSolution
		HideSolutionNode = FALSE
	EndGlobalSection
EndGlobal
